
Microsoft Visual Studio Solution File, Format Version 12.00
# Visual Studio 2012
Project("{FAE04EC0-301F-11D3-BF4B-00C04F79EFBC}") = "MusicStoreSite", "MusicStoreSite\MusicStoreSite.csproj", "{739972D5-9927-4134-B33A-0B3BAC27DEF2}"
EndProject
Project("{FAE04EC0-301F-11D3-BF4B-00C04F79EFBC}") = "MusicStoreSite.Tests", "MusicStoreSite.Tests\MusicStoreSite.Tests.csproj", "{C141E272-E390-4C8D-94C5-B326086BFAD6}"
EndProject
Global
	GlobalSection(SolutionConfigurationPlatforms) = preSolution
		Debug|Any CPU = Debug|Any CPU
		Release|Any CPU = Release|Any CPU
	EndGlobalSection
	GlobalSection(ProjectConfigurationPlatforms) = postSolution
		{739972D5-9927-4134-B33A-0B3BAC27DEF2}.Debug|Any CPU.ActiveCfg = Debug|Any CPU
		{739972D5-9927-4134-B33A-0B3BAC27DEF2}.Debug|Any CPU.Build.0 = Debug|Any CPU
		{739972D5-9927-4134-B33A-0B3BAC27DEF2}.Release|Any CPU.ActiveCfg = Release|Any CPU
		{739972D5-9927-4134-B33A-0B3BAC27DEF2}.Release|Any CPU.Build.0 = Release|Any CPU
		{C141E272-E390-4C8D-94C5-B326086BFAD6}.Debug|Any CPU.ActiveCfg = Debug|Any CPU
		{C141E272-E390-4C8D-94C5-B326086BFAD6}.Debug|Any CPU.Build.0 = Debug|Any CPU
		{C141E272-E390-4C8D-94C5-B326086BFAD6}.Release|Any CPU.ActiveCfg = Release|Any CPU
		{C141E272-E390-4C8D-94C5-B326086BFAD6}.Release|Any CPU.Build.0 = Release|Any CPU
	EndGlobalSection
	GlobalSection(SolutionProperties) = preSolution
		HideSolutionNode = FALSE
	EndGlobalSection
EndGlobal
